# THIS IS AN AUTOGENERATED FILE. DO NOT EDIT THIS FILE DIRECTLY.
# yarn lockfile v1


find-root@^1.1.0:
  version "1.1.0"
  resolved "https://registry.yarnpkg.com/find-root/-/find-root-1.1.0.tgz#abcfc8ba76f708c42a97b3d685b7e9450bfb9ce4"

get-yarn-workspaces@^1.0.0:
  version "1.0.0"
  resolved "https://registry.yarnpkg.com/get-yarn-workspaces/-/get-yarn-workspaces-1.0.0.tgz#5f94dea1e30115a49e279b0b300613cb9d9f5210"
  dependencies:
    find-root "^1.1.0"
